
Microsoft Visual Studio Solution File, Format Version 12.00
# Visual Studio 15
VisualStudioVersion = 15.0.27428.2043
MinimumVisualStudioVersion = 10.0.40219.1
Project("{FAE04EC0-301F-11D3-BF4B-00C04F79EFBC}") = "dvp.ce1", "dvp.cd1\dvp.ce1.csproj", "{E6EC2DA2-D3EF-496C-82AB-0CC3CC29F482}"
EndProject
Global
	GlobalSection(SolutionConfigurationPlatforms) = preSolution
		Debug|Any CPU = Debug|Any CPU
		Release|Any CPU = Release|Any CPU
	EndGlobalSection
	GlobalSection(ProjectConfigurationPlatforms) = postSolution
		{E6EC2DA2-D3EF-496C-82AB-0CC3CC29F482}.Debug|Any CPU.ActiveCfg = Debug|Any CPU
		{E6EC2DA2-D3EF-496C-82AB-0CC3CC29F482}.Debug|Any CPU.Build.0 = Debug|Any CPU
		{E6EC2DA2-D3EF-496C-82AB-0CC3CC29F482}.Release|Any CPU.ActiveCfg = Release|Any CPU
		{E6EC2DA2-D3EF-496C-82AB-0CC3CC29F482}.Release|Any CPU.Build.0 = Release|Any CPU
	EndGlobalSection
	GlobalSection(SolutionProperties) = preSolution
		HideSolutionNode = FALSE
	EndGlobalSection
	GlobalSection(ExtensibilityGlobals) = postSolution
		SolutionGuid = {EABEA9BF-5DBD-4417-9773-16BD5446D95F}
	EndGlobalSection
EndGlobal
